
Microsoft Visual Studio Solution File, Format Version 12.00
# Visual Studio 15
VisualStudioVersion = 15.0.28307.779
MinimumVisualStudioVersion = 10.0.40219.1
Project("{8BC9CEB8-8B4A-11D0-8D11-00A0C91BC942}") = "Ceramic_Tile", "Ceramic_Tile\Ceramic_Tile.vcxproj", "{B4AFE5C5-2037-4CEA-9CAC-F6C2884E0FE4}"
EndProject
Global
	GlobalSection(SolutionConfigurationPlatforms) = preSolution
		Debug|x64 = Debug|x64
		Debug|x86 = Debug|x86
		Release|x64 = Release|x64
		Release|x86 = Release|x86
	EndGlobalSection
	GlobalSection(ProjectConfigurationPlatforms) = postSolution
		{B4AFE5C5-2037-4CEA-9CAC-F6C2884E0FE4}.Debug|x64.ActiveCfg = Debug|x64
		{B4AFE5C5-2037-4CEA-9CAC-F6C2884E0FE4}.Debug|x64.Build.0 = Debug|x64
		{B4AFE5C5-2037-4CEA-9CAC-F6C2884E0FE4}.Debug|x86.ActiveCfg = Debug|Win32
		{B4AFE5C5-2037-4CEA-9CAC-F6C2884E0FE4}.Debug|x86.Build.0 = Debug|Win32
		{B4AFE5C5-2037-4CEA-9CAC-F6C2884E0FE4}.Release|x64.ActiveCfg = Release|x64
		{B4AFE5C5-2037-4CEA-9CAC-F6C2884E0FE4}.Release|x64.Build.0 = Release|x64
		{B4AFE5C5-2037-4CEA-9CAC-F6C2884E0FE4}.Release|x86.ActiveCfg = Release|Win32
		{B4AFE5C5-2037-4CEA-9CAC-F6C2884E0FE4}.Release|x86.Build.0 = Release|Win32
	EndGlobalSection
	GlobalSection(SolutionProperties) = preSolution
		HideSolutionNode = FALSE
	EndGlobalSection
	GlobalSection(ExtensibilityGlobals) = postSolution
		SolutionGuid = {B358429B-464F-41C4-A898-D85EBD42D954}
	EndGlobalSection
EndGlobal
