
Microsoft Visual Studio Solution File, Format Version 12.00
# Visual Studio 15
VisualStudioVersion = 15.0.28307.539
MinimumVisualStudioVersion = 10.0.40219.1
Project("{8BC9CEB8-8B4A-11D0-8D11-00A0C91BC942}") = "Caesar Cipher", "Caesar Cipher\Caesar Cipher.vcxproj", "{42B265B3-D5E0-4227-94F9-608A63FE4AED}"
EndProject
Global
	GlobalSection(SolutionConfigurationPlatforms) = preSolution
		Debug|x64 = Debug|x64
		Debug|x86 = Debug|x86
		Release|x64 = Release|x64
		Release|x86 = Release|x86
	EndGlobalSection
	GlobalSection(ProjectConfigurationPlatforms) = postSolution
		{42B265B3-D5E0-4227-94F9-608A63FE4AED}.Debug|x64.ActiveCfg = Debug|x64
		{42B265B3-D5E0-4227-94F9-608A63FE4AED}.Debug|x64.Build.0 = Debug|x64
		{42B265B3-D5E0-4227-94F9-608A63FE4AED}.Debug|x86.ActiveCfg = Debug|Win32
		{42B265B3-D5E0-4227-94F9-608A63FE4AED}.Debug|x86.Build.0 = Debug|Win32
		{42B265B3-D5E0-4227-94F9-608A63FE4AED}.Release|x64.ActiveCfg = Release|x64
		{42B265B3-D5E0-4227-94F9-608A63FE4AED}.Release|x64.Build.0 = Release|x64
		{42B265B3-D5E0-4227-94F9-608A63FE4AED}.Release|x86.ActiveCfg = Release|Win32
		{42B265B3-D5E0-4227-94F9-608A63FE4AED}.Release|x86.Build.0 = Release|Win32
	EndGlobalSection
	GlobalSection(SolutionProperties) = preSolution
		HideSolutionNode = FALSE
	EndGlobalSection
	GlobalSection(ExtensibilityGlobals) = postSolution
		SolutionGuid = {BAED0DEC-97E0-493B-8AA3-FCBA47F3D144}
	EndGlobalSection
EndGlobal
